
Microsoft Visual Studio Solution File, Format Version 12.00
# Visual Studio Version 17
VisualStudioVersion = 17.5.33530.505
MinimumVisualStudioVersion = 10.0.40219.1
Project("{FAE04EC0-301F-11D3-BF4B-00C04F79EFBC}") = "CoreVsApp", "CoreVsApp\CoreVsApp.csproj", "{63A475A8-2FAE-4F5A-911A-1FB33B126DD9}"
EndProject
Global
	GlobalSection(SolutionConfigurationPlatforms) = preSolution
		Debug|Any CPU = Debug|Any CPU
		Release|Any CPU = Release|Any CPU
	EndGlobalSection
	GlobalSection(ProjectConfigurationPlatforms) = postSolution
		{63A475A8-2FAE-4F5A-911A-1FB33B126DD9}.Debug|Any CPU.ActiveCfg = Debug|Any CPU
		{63A475A8-2FAE-4F5A-911A-1FB33B126DD9}.Debug|Any CPU.Build.0 = Debug|Any CPU
		{63A475A8-2FAE-4F5A-911A-1FB33B126DD9}.Release|Any CPU.ActiveCfg = Release|Any CPU
		{63A475A8-2FAE-4F5A-911A-1FB33B126DD9}.Release|Any CPU.Build.0 = Release|Any CPU
	EndGlobalSection
	GlobalSection(SolutionProperties) = preSolution
		HideSolutionNode = FALSE
	EndGlobalSection
	GlobalSection(ExtensibilityGlobals) = postSolution
		SolutionGuid = {2823D6E8-50AB-41B8-A71B-3B5C628A3D6E}
	EndGlobalSection
EndGlobal
